<?xml version="1.0" encoding="utf-8"?>
<Project ToolsVersion="4.0" xmlns="http://schemas.microsoft.com/developer/msbuild/2003">
  <ItemGroup>
    <Filter Include="Source Files">
      <UniqueIdentifier>{4FC737F1-C7A5-4376-A066-2A32D752A2FF}</UniqueIdentifier>
      <Extensions>cpp;c;cc;cxx;c++;cppm;ixx;def;odl;idl;hpj;bat;asm;asmx</Extensions>
    </Filter>
    <Filter Include="Header Files">
      <UniqueIdentifier>{93995380-89BD-4b04-88EB-625FBE52EBFB}</UniqueIdentifier>
      <Extensions>h;hh;hpp;hxx;h++;hm;inl;inc;ipp;xsd</Extensions>
    </Filter>
    <Filter Include="Resource Files">
      <UniqueIdentifier>{67DA6AB6-F800-4c08-8B7A-83BB121AAD01}</UniqueIdentifier>
      <Extensions>rc;ico;cur;bmp;dlg;rc2;rct;bin;rgs;gif;jpg;jpeg;jpe;resx;tiff;tif;png;wav;mfcribbon-ms</Extensions>
    </Filter>
    <Filter Include="Header Files\internal">
      <UniqueIdentifier>{9e8427b3-38a0-4f7c-8823-eec2d33b1a17}</UniqueIdentifier>
    </Filter>
    <Filter Include="Header Files\attributes">
      <UniqueIdentifier>{d7f7e9cb-6b22-4d52-bb89-45af405a851d}</UniqueIdentifier>
    </Filter>
    <Filter Include="Header Files\effects">
      <UniqueIdentifier>{d871641c-6454-4796-b3f8-06941128b2fb}</UniqueIdentifier>
    </Filter>
    <Filter Include="Header Files\tags">
      <UniqueIdentifier>{db74eb92-c064-43dc-9022-6e4ea723b7b7}</UniqueIdentifier>
    </Filter>
    <Filter Include="Header Files\abilities">
      <UniqueIdentifier>{49c8a38f-878a-427a-b1b1-87e8d5e600a1}</UniqueIdentifier>
    </Filter>
    <Filter Include="Source Files\internal">
      <UniqueIdentifier>{9b316f12-437e-475f-89ce-7cf0369292f7}</UniqueIdentifier>
    </Filter>
    <Filter Include="Source Files\effects">
      <UniqueIdentifier>{0b32af61-1480-4737-9369-168cdc7afc10}</UniqueIdentifier>
    </Filter>
    <Filter Include="Source Files\abilities">
      <UniqueIdentifier>{e3eed4d9-14b6-48f8-b257-90d921ff63b7}</UniqueIdentifier>
    </Filter>
    <Filter Include="Source Files\tags">
      <UniqueIdentifier>{785d5929-d570-45f2-abd7-9aabf0f5b186}</UniqueIdentifier>
    </Filter>
    <Filter Include="Source Files\attributes">
      <UniqueIdentifier>{acf0740e-0c7d-4b76-ae3e-884d8710831a}</UniqueIdentifier>
    </Filter>
  </ItemGroup>
  <ItemGroup>
    <ClCompile Include="..\src\gdExample.cpp">
      <Filter>Source Files</Filter>
    </ClCompile>
    <ClCompile Include="..\src\core\GameplayAttribute.cpp">
      <Filter>Source Files\attributes</Filter>
    </ClCompile>
    <ClCompile Include="..\src\core\GameplayAttributeSet.cpp">
      <Filter>Source Files\attributes</Filter>
    </ClCompile>
    <ClCompile Include="..\src\core\GameplayEffect.cpp">
      <Filter>Source Files\effects</Filter>
    </ClCompile>
    <ClCompile Include="..\src\core\GameplayModifier.cpp">
      <Filter>Source Files\effects</Filter>
    </ClCompile>
    <ClCompile Include="..\src\core\EffectSystem.cpp">
      <Filter>Source Files\effects</Filter>
    </ClCompile>
    <ClCompile Include="..\src\core\TagRegistry.cpp">
      <Filter>Source Files\tags</Filter>
    </ClCompile>
    <ClCompile Include="..\src\register_types.cpp">
      <Filter>Source Files</Filter>
    </ClCompile>
    <ClCompile Include="..\src\godot\gdTagContainer.cpp">
      <Filter>Source Files\tags</Filter>
    </ClCompile>
    <ClCompile Include="..\src\godot\gdTagData.cpp">
      <Filter>Source Files\tags</Filter>
    </ClCompile>
    <ClCompile Include="..\src\godot\gdTagRegistry.cpp">
      <Filter>Source Files\tags</Filter>
    </ClCompile>
    <ClCompile Include="..\src\godot\gdAbilityContainer.cpp">
      <Filter>Source Files\abilities</Filter>
    </ClCompile>
    <ClCompile Include="..\src\godot\gdAbilityData.cpp">
      <Filter>Source Files\abilities</Filter>
    </ClCompile>
    <ClCompile Include="..\src\godot\gdGameplayAbility.cpp">
      <Filter>Source Files\abilities</Filter>
    </ClCompile>
    <ClCompile Include="..\src\godot\gdAttribute.cpp">
      <Filter>Source Files\attributes</Filter>
    </ClCompile>
    <ClCompile Include="..\src\godot\gdAttributeContainer.cpp">
      <Filter>Source Files\attributes</Filter>
    </ClCompile>
    <ClCompile Include="..\src\godot\gdAttributeData.cpp">
      <Filter>Source Files\attributes</Filter>
    </ClCompile>
    <ClCompile Include="..\src\godot\gdAttributeSetData.cpp">
      <Filter>Source Files\attributes</Filter>
    </ClCompile>
    <ClCompile Include="..\src\godot\gdEffectData.cpp">
      <Filter>Source Files\effects</Filter>
    </ClCompile>
    <ClCompile Include="..\src\godot\gdModifierData.cpp">
      <Filter>Source Files\effects</Filter>
    </ClCompile>
    <ClCompile Include="..\src\godot\gdGASEntity.cpp">
      <Filter>Source Files</Filter>
    </ClCompile>
    <ClCompile Include="..\src\godot\gdGASWorld.cpp">
      <Filter>Source Files</Filter>
    </ClCompile>
    <ClCompile Include="..\src\godot\ui\gdTagRegistryEditor.cpp">
      <Filter>Source Files\tags</Filter>
    </ClCompile>
  </ItemGroup>
  <ItemGroup>
    <ClInclude Include="..\src\gdExample.h">
      <Filter>Header Files</Filter>
    </ClInclude>
    <ClInclude Include="..\src\register_types.h">
      <Filter>Header Files</Filter>
    </ClInclude>
    <ClInclude Include="..\src\internal\Event.h">
      <Filter>Header Files\internal</Filter>
    </ClInclude>
    <ClInclude Include="..\src\internal\smAssert.h">
      <Filter>Header Files\internal</Filter>
    </ClInclude>
    <ClInclude Include="..\src\internal\smBitSet.h">
      <Filter>Header Files\internal</Filter>
    </ClInclude>
    <ClInclude Include="..\src\internal\smUID.h">
      <Filter>Header Files\internal</Filter>
    </ClInclude>
    <ClInclude Include="..\src\internal\Types.h">
      <Filter>Header Files\internal</Filter>
    </ClInclude>
    <ClInclude Include="..\src\include\core\GameplayAttribute.h">
      <Filter>Header Files\attributes</Filter>
    </ClInclude>
    <ClInclude Include="..\src\include\core\GameplayAttributeSet.h">
      <Filter>Header Files\attributes</Filter>
    </ClInclude>
    <ClInclude Include="..\src\include\core\EffectSystem.h">
      <Filter>Header Files\effects</Filter>
    </ClInclude>
    <ClInclude Include="..\src\include\core\GameplayEffect.h">
      <Filter>Header Files\effects</Filter>
    </ClInclude>
    <ClInclude Include="..\src\include\core\GameplayModifier.h">
      <Filter>Header Files\effects</Filter>
    </ClInclude>
    <ClInclude Include="..\src\include\core\GameplayTag.h">
      <Filter>Header Files\tags</Filter>
    </ClInclude>
    <ClInclude Include="..\src\include\core\TagRegistry.h">
      <Filter>Header Files\tags</Filter>
    </ClInclude>
    <ClInclude Include="..\src\include\godot\gdAbilityContainer.h">
      <Filter>Header Files\abilities</Filter>
    </ClInclude>
    <ClInclude Include="..\src\include\godot\gdAbilityData.h">
      <Filter>Header Files\abilities</Filter>
    </ClInclude>
    <ClInclude Include="..\src\include\godot\gdGameplayAbility.h">
      <Filter>Header Files\abilities</Filter>
    </ClInclude>
    <ClInclude Include="..\src\include\godot\gdAttribute.h">
      <Filter>Header Files\attributes</Filter>
    </ClInclude>
    <ClInclude Include="..\src\include\godot\gdAttributeContainer.h">
      <Filter>Header Files\attributes</Filter>
    </ClInclude>
    <ClInclude Include="..\src\include\godot\gdAttributeData.h">
      <Filter>Header Files\attributes</Filter>
    </ClInclude>
    <ClInclude Include="..\src\include\godot\gdAttributeSetData.h">
      <Filter>Header Files\attributes</Filter>
    </ClInclude>
    <ClInclude Include="..\src\include\godot\gdEffectData.h">
      <Filter>Header Files\effects</Filter>
    </ClInclude>
    <ClInclude Include="..\src\include\godot\gdModifierData.h">
      <Filter>Header Files\effects</Filter>
    </ClInclude>
    <ClInclude Include="..\src\include\godot\gdTagContainer.h">
      <Filter>Header Files\tags</Filter>
    </ClInclude>
    <ClInclude Include="..\src\include\godot\gdTagData.h">
      <Filter>Header Files\tags</Filter>
    </ClInclude>
    <ClInclude Include="..\src\include\godot\gdTagRegistry.h">
      <Filter>Header Files\tags</Filter>
    </ClInclude>
    <ClInclude Include="..\src\include\godot\gdGameplayAbilitySystemNode.h">
      <Filter>Header Files</Filter>
    </ClInclude>
    <ClInclude Include="..\src\include\godot\gdGameplayAbilitySystemResource.h">
      <Filter>Header Files</Filter>
    </ClInclude>
    <ClInclude Include="..\src\include\godot\gdGASEntity.h">
      <Filter>Header Files</Filter>
    </ClInclude>
    <ClInclude Include="..\src\include\godot\gdGASWorld.h">
      <Filter>Header Files</Filter>
    </ClInclude>
    <ClInclude Include="..\src\include\godot\ui\gdTagRegistryEditor.h">
      <Filter>Header Files\tags</Filter>
    </ClInclude>
  </ItemGroup>
</Project>